{
  "version": 4,
  "terraform_version": "1.15.3",
  "serial": 11,
  "lineage": "91c2632f-2b2d-2f39-a0d5-a0bc87b39f93",
  "outputs": {},
  "resources": [
    {
      "mode": "managed",
      "type": "aws_key_pair",
      "name": "generated_key",
      "provider": "provider[\"registry.terraform.io/hashicorp/aws\"]",
      "instances": [
        {
          "schema_version": 1,
          "attributes": {
            "arn": "arn:aws:ec2:ap-south-1:078288879957:key-pair/terraform-key",
            "fingerprint": "fd:1d:4d:de:d2:6c:31:70:a3:10:3c:dc:5a:1b:de:9d",
            "id": "terraform-key",
            "key_name": "terraform-key",
            "key_name_prefix": "",
            "key_pair_id": "key-009648e860316becc",
            "key_type": "rsa",
            "public_key": "ssh-rsa AAAAB3NzaC1yc2EAAAADAQABAAABAQDabVTeg0DNcxd5lLXSGWyM8A/8ZT5rDeVVqVrFjI5crxkX7UVR70h7fHYfNbOwkjryt0+SonLUo4H8A5i8xTFByNhvD9uz9e3C6Taqx8Er3DTg0wxaVfBnbsBPwHlgXrYIcWxHu5scaR3vj2VSF0+T+rc4yHVHMSsymEb71Jclohtb9LXAUkJ81DYDL1y4DUk+0kD+XHAQEgHhj0dGuq/fXLPjSskEu1Sefk3/aR1nZWGptNC0HWFHlQ+7TTukd9NjxkkOC+0SnZ3uATlSgWuXPvCV7RQ54I1tSEHaR+0i8M2Dbk44eCRDPinih2K130OioRUCdVXN+kaESFGhr8ej",
            "tags": null,
            "tags_all": {}
          },
          "sensitive_attributes": [],
          "identity_schema_version": 0,
          "private": "eyJzY2hlbWFfdmVyc2lvbiI6IjEifQ==",
          "dependencies": [
            "tls_private_key.generated"
          ]
        }
      ]
    },
    {
      "mode": "managed",
      "type": "local_file",
      "name": "private_key_pem",
      "provider": "provider[\"registry.terraform.io/hashicorp/local\"]",
      "instances": [
        {
          "schema_version": 0,
          "attributes": {
            "content": "-----BEGIN RSA PRIVATE KEY-----\nMIIEowIBAAKCAQEA2m1U3oNAzXMXeZS10hlsjPAP/GU+aw3lValaxYyOXK8ZF+1F\nUe9Ie3x2HzWzsJI68rdPkqJy1KOB/AOYvMUxQcjYbw/bs/Xtwuk2qsfBK9w04NMM\nWlXwZ27AT8B5YF62CHFsR7ubHGkd749lUhdPk/q3OMh1RzErMphG+9SXJaIbW/S1\nwFJCfNQ2Ay9cuA1JPtJA/lxwEBIB4Y9HRrqv31yz40rJBLtUnn5N/2kdZ2VhqbTQ\ntB1hR5UPu007pHfTY8ZJDgvtEp2d7gE5UoFrlz7wle0UOeCNbUhB2kftIvDNg25O\nOHgkQz4p4oditd9DoqEVAnVVzfpGhEhRoa/HowIDAQABAoIBAC3hZUBQBZ6iHD43\nlHGLUZfRHSqBAblu88sohZ6VRZoGVZkHB9aMEoeNvyoTF6lxLdyp0JcWdFRh+/25\nq62LJiuRSpUZmaaVc9nLLuZ0iwjxelH3QtL+1j6DrvWRkm1Bt67SVFJE//HZyqX1\nUu0JZHfK5A2TXb8UfuRjxBVFtHH81WruJoZfmq3O402cqhWUGuJDMrq3S7BSqzJk\nMPeaU7KHUz3lUoQOwXNMxQz0MK/Q4XnxxmrXpZRtBbqieLZVeAOOTcu9C2WH0hWs\nhXK9SQiykvxPhthW14qi7xBqeoZQz/C2tZwXyIfNEKwAVigZfDLWWJPss2U8nfHE\n4mglC8ECgYEA/3gPSo4rBvC7sM1227wqskqjdIbeUrbvdsXTnhUqzuGnb7zq31No\nK6l2cIy9mSceRGybHqx+kXVB5D+IUCHIyOYaLt0qi10Pbc5Ppuba6U54lJoEfdN6\nUNdrnztBWAM751xfqJvfD5eClXDmM2mVi4oCW41ie22SJ06lvwK3bjMCgYEA2uGP\nn9oA1Gv4ETuGAFQahPuVLD2VIS+ocoqK6act/+t25c43cGrlClihNKI3hJ92gujC\nqCmAh14769o8ZXOeAAVFuMgN/gVi5wL4JMB5Zd57+qIdatlxgiVrFx89IJVJS3Aq\nrzrUIbu7uEc19EOz+Wa3IkyyA8+TnaioaKXl8NECgYA1RHJjyEr+cnmgPuc2oACD\nFn8IkAqRUqWRrWQXhTBc3L5N1SVgFYMV/4q7owzxfy+XctHRToRBjiKEFh81HiZA\nhYIWHXV+g5PxAGCpW19v4DXSPl8LYWoSqyg8ll1knaAC+MbVYFLdbGkFAfpt4+kT\npF4jetJ7C/i6i3KR5l4a8wKBgQC0pMQsYXed2R362u1VCBR6/Ee5I3oY0YRsQ/sx\nq1BDjsmqD++hUBeH2m3xSpAXXKQqln9Q2i/BiPxbQtnlwO39hlxsjG8/3qIplkHF\n0zRd5qjbyUAOFzee+dLQWm/QnGTJZeFUjXDWBmJ/TAYzekzm4Obz3+hrTL2/uJqF\nA6YqgQKBgFPI/ZAGllANHQIuohuNwMAZUxzycEcQYH6v7wgcSGHhbNEbGW5YW3h0\nkxfEujQ7ryvubeS5fserVHdh+gyYNdE+HpDrH84Bqh3OH2Rqaez4Vyz/ht9WY50p\nEAyoB6Np6dSZDCv5ijcilzOpR2nGZt19lrBdokuPPOtQO7pKM9zN\n-----END RSA PRIVATE KEY-----\n",
            "content_base64": null,
            "content_base64sha256": "OIhp9WtidXL7wsVnF7y7iFb/jWb5p0FnYp7+ekFQjSQ=",
            "content_base64sha512": "X8UZFVsQwIwAuOgiE9F7fZnBBvcn6k/ZftPSuCm1ZRs3RBGUOrWc9i/utAmgWUgJPqNEvPgFWgaQR7gmdAQcrA==",
            "content_md5": "ea7e8801e2d5bc5d9069288a2d2940be",
            "content_sha1": "7d5f8171f70eaf1659df32312423426e0001752c",
            "content_sha256": "388869f56b627572fbc2c56717bcbb8856ff8d66f9a74167629efe7a41508d24",
            "content_sha512": "5fc519155b10c08c00b8e82213d17b7d99c106f727ea4fd97ed3d2b829b5651b374411943ab59cf62feeb409a05948093ea344bcf8055a069047b82674041cac",
            "directory_permission": "0777",
            "file_permission": "0777",
            "filename": "MypairKey.pem",
            "id": "7d5f8171f70eaf1659df32312423426e0001752c",
            "sensitive_content": null,
            "source": null
          },
          "sensitive_attributes": [
            [
              {
                "type": "get_attr",
                "value": "content"
              }
            ],
            [
              {
                "type": "get_attr",
                "value": "sensitive_content"
              }
            ]
          ],
          "identity_schema_version": 0,
          "dependencies": [
            "tls_private_key.generated"
          ]
        }
      ]
    },
    {
      "mode": "managed",
      "type": "tls_private_key",
      "name": "generated",
      "provider": "provider[\"registry.terraform.io/hashicorp/tls\"]",
      "instances": [
        {
          "schema_version": 1,
          "attributes": {
            "algorithm": "RSA",
            "ecdsa_curve": "P224",
            "id": "df54e32555b2e697ff7c7e13c9f56b3424aa6bea",
            "private_key_openssh": "-----BEGIN OPENSSH PRIVATE KEY-----\nb3BlbnNzaC1rZXktdjEAAAAABG5vbmUAAAAEbm9uZQAAAAAAAAABAAABFwAAAAdz\nc2gtcnNhAAAAAwEAAQAAAQEA2m1U3oNAzXMXeZS10hlsjPAP/GU+aw3lValaxYyO\nXK8ZF+1FUe9Ie3x2HzWzsJI68rdPkqJy1KOB/AOYvMUxQcjYbw/bs/Xtwuk2qsfB\nK9w04NMMWlXwZ27AT8B5YF62CHFsR7ubHGkd749lUhdPk/q3OMh1RzErMphG+9SX\nJaIbW/S1wFJCfNQ2Ay9cuA1JPtJA/lxwEBIB4Y9HRrqv31yz40rJBLtUnn5N/2kd\nZ2VhqbTQtB1hR5UPu007pHfTY8ZJDgvtEp2d7gE5UoFrlz7wle0UOeCNbUhB2kft\nIvDNg25OOHgkQz4p4oditd9DoqEVAnVVzfpGhEhRoa/HowAAA7hZwOL/WcDi/wAA\nAAdzc2gtcnNhAAABAQDabVTeg0DNcxd5lLXSGWyM8A/8ZT5rDeVVqVrFjI5crxkX\n7UVR70h7fHYfNbOwkjryt0+SonLUo4H8A5i8xTFByNhvD9uz9e3C6Taqx8Er3DTg\n0wxaVfBnbsBPwHlgXrYIcWxHu5scaR3vj2VSF0+T+rc4yHVHMSsymEb71Jclohtb\n9LXAUkJ81DYDL1y4DUk+0kD+XHAQEgHhj0dGuq/fXLPjSskEu1Sefk3/aR1nZWGp\ntNC0HWFHlQ+7TTukd9NjxkkOC+0SnZ3uATlSgWuXPvCV7RQ54I1tSEHaR+0i8M2D\nbk44eCRDPinih2K130OioRUCdVXN+kaESFGhr8ejAAAAAwEAAQAAAQAt4WVAUAWe\nohw+N5Rxi1GX0R0qgQG5bvPLKIWelUWaBlWZBwfWjBKHjb8qExepcS3cqdCXFnRU\nYfv9uautiyYrkUqVGZmmlXPZyy7mdIsI8XpR90LS/tY+g671kZJtQbeu0lRSRP/x\n2cql9VLtCWR3yuQNk12/FH7kY8QVRbRx/NVq7iaGX5qtzuNNnKoVlBriQzK6t0uw\nUqsyZDD3mlOyh1M95VKEDsFzTMUM9DCv0OF58cZq16WUbQW6oni2VXgDjk3LvQtl\nh9IVrIVyvUkIspL8T4bYVteKou8QanqGUM/wtrWcF8iHzRCsAFYoGXwy1liT7LNl\nPJ3xxOJoJQvBAAAAgFPI/ZAGllANHQIuohuNwMAZUxzycEcQYH6v7wgcSGHhbNEb\nGW5YW3h0kxfEujQ7ryvubeS5fserVHdh+gyYNdE+HpDrH84Bqh3OH2Rqaez4Vyz/\nht9WY50pEAyoB6Np6dSZDCv5ijcilzOpR2nGZt19lrBdokuPPOtQO7pKM9zNAAAA\ngQD/eA9KjisG8LuwzXbbvCqySqN0ht5Stu92xdOeFSrO4advvOrfU2grqXZwjL2Z\nJx5EbJserH6RdUHkP4hQIcjI5hou3SqLXQ9tzk+m5trpTniUmgR903pQ12ufO0FY\nAzvnXF+om98Pl4KVcOYzaZWLigJbjWJ7bZInTqW/ArduMwAAAIEA2uGPn9oA1Gv4\nETuGAFQahPuVLD2VIS+ocoqK6act/+t25c43cGrlClihNKI3hJ92gujCqCmAh147\n69o8ZXOeAAVFuMgN/gVi5wL4JMB5Zd57+qIdatlxgiVrFx89IJVJS3AqrzrUIbu7\nuEc19EOz+Wa3IkyyA8+TnaioaKXl8NEAAAAAAQID\n-----END OPENSSH PRIVATE KEY-----\n",
            "private_key_pem": "-----BEGIN RSA PRIVATE KEY-----\nMIIEowIBAAKCAQEA2m1U3oNAzXMXeZS10hlsjPAP/GU+aw3lValaxYyOXK8ZF+1F\nUe9Ie3x2HzWzsJI68rdPkqJy1KOB/AOYvMUxQcjYbw/bs/Xtwuk2qsfBK9w04NMM\nWlXwZ27AT8B5YF62CHFsR7ubHGkd749lUhdPk/q3OMh1RzErMphG+9SXJaIbW/S1\nwFJCfNQ2Ay9cuA1JPtJA/lxwEBIB4Y9HRrqv31yz40rJBLtUnn5N/2kdZ2VhqbTQ\ntB1hR5UPu007pHfTY8ZJDgvtEp2d7gE5UoFrlz7wle0UOeCNbUhB2kftIvDNg25O\nOHgkQz4p4oditd9DoqEVAnVVzfpGhEhRoa/HowIDAQABAoIBAC3hZUBQBZ6iHD43\nlHGLUZfRHSqBAblu88sohZ6VRZoGVZkHB9aMEoeNvyoTF6lxLdyp0JcWdFRh+/25\nq62LJiuRSpUZmaaVc9nLLuZ0iwjxelH3QtL+1j6DrvWRkm1Bt67SVFJE//HZyqX1\nUu0JZHfK5A2TXb8UfuRjxBVFtHH81WruJoZfmq3O402cqhWUGuJDMrq3S7BSqzJk\nMPeaU7KHUz3lUoQOwXNMxQz0MK/Q4XnxxmrXpZRtBbqieLZVeAOOTcu9C2WH0hWs\nhXK9SQiykvxPhthW14qi7xBqeoZQz/C2tZwXyIfNEKwAVigZfDLWWJPss2U8nfHE\n4mglC8ECgYEA/3gPSo4rBvC7sM1227wqskqjdIbeUrbvdsXTnhUqzuGnb7zq31No\nK6l2cIy9mSceRGybHqx+kXVB5D+IUCHIyOYaLt0qi10Pbc5Ppuba6U54lJoEfdN6\nUNdrnztBWAM751xfqJvfD5eClXDmM2mVi4oCW41ie22SJ06lvwK3bjMCgYEA2uGP\nn9oA1Gv4ETuGAFQahPuVLD2VIS+ocoqK6act/+t25c43cGrlClihNKI3hJ92gujC\nqCmAh14769o8ZXOeAAVFuMgN/gVi5wL4JMB5Zd57+qIdatlxgiVrFx89IJVJS3Aq\nrzrUIbu7uEc19EOz+Wa3IkyyA8+TnaioaKXl8NECgYA1RHJjyEr+cnmgPuc2oACD\nFn8IkAqRUqWRrWQXhTBc3L5N1SVgFYMV/4q7owzxfy+XctHRToRBjiKEFh81HiZA\nhYIWHXV+g5PxAGCpW19v4DXSPl8LYWoSqyg8ll1knaAC+MbVYFLdbGkFAfpt4+kT\npF4jetJ7C/i6i3KR5l4a8wKBgQC0pMQsYXed2R362u1VCBR6/Ee5I3oY0YRsQ/sx\nq1BDjsmqD++hUBeH2m3xSpAXXKQqln9Q2i/BiPxbQtnlwO39hlxsjG8/3qIplkHF\n0zRd5qjbyUAOFzee+dLQWm/QnGTJZeFUjXDWBmJ/TAYzekzm4Obz3+hrTL2/uJqF\nA6YqgQKBgFPI/ZAGllANHQIuohuNwMAZUxzycEcQYH6v7wgcSGHhbNEbGW5YW3h0\nkxfEujQ7ryvubeS5fserVHdh+gyYNdE+HpDrH84Bqh3OH2Rqaez4Vyz/ht9WY50p\nEAyoB6Np6dSZDCv5ijcilzOpR2nGZt19lrBdokuPPOtQO7pKM9zN\n-----END RSA PRIVATE KEY-----\n",
            "private_key_pem_pkcs8": "-----BEGIN PRIVATE KEY-----\nMIIEvQIBADANBgkqhkiG9w0BAQEFAASCBKcwggSjAgEAAoIBAQDabVTeg0DNcxd5\nlLXSGWyM8A/8ZT5rDeVVqVrFjI5crxkX7UVR70h7fHYfNbOwkjryt0+SonLUo4H8\nA5i8xTFByNhvD9uz9e3C6Taqx8Er3DTg0wxaVfBnbsBPwHlgXrYIcWxHu5scaR3v\nj2VSF0+T+rc4yHVHMSsymEb71Jclohtb9LXAUkJ81DYDL1y4DUk+0kD+XHAQEgHh\nj0dGuq/fXLPjSskEu1Sefk3/aR1nZWGptNC0HWFHlQ+7TTukd9NjxkkOC+0SnZ3u\nATlSgWuXPvCV7RQ54I1tSEHaR+0i8M2Dbk44eCRDPinih2K130OioRUCdVXN+kaE\nSFGhr8ejAgMBAAECggEALeFlQFAFnqIcPjeUcYtRl9EdKoEBuW7zyyiFnpVFmgZV\nmQcH1owSh42/KhMXqXEt3KnQlxZ0VGH7/bmrrYsmK5FKlRmZppVz2csu5nSLCPF6\nUfdC0v7WPoOu9ZGSbUG3rtJUUkT/8dnKpfVS7Qlkd8rkDZNdvxR+5GPEFUW0cfzV\nau4mhl+arc7jTZyqFZQa4kMyurdLsFKrMmQw95pTsodTPeVShA7Bc0zFDPQwr9Dh\nefHGatellG0FuqJ4tlV4A45Ny70LZYfSFayFcr1JCLKS/E+G2FbXiqLvEGp6hlDP\n8La1nBfIh80QrABWKBl8MtZYk+yzZTyd8cTiaCULwQKBgQD/eA9KjisG8LuwzXbb\nvCqySqN0ht5Stu92xdOeFSrO4advvOrfU2grqXZwjL2ZJx5EbJserH6RdUHkP4hQ\nIcjI5hou3SqLXQ9tzk+m5trpTniUmgR903pQ12ufO0FYAzvnXF+om98Pl4KVcOYz\naZWLigJbjWJ7bZInTqW/ArduMwKBgQDa4Y+f2gDUa/gRO4YAVBqE+5UsPZUhL6hy\niorppy3/63blzjdwauUKWKE0ojeEn3aC6MKoKYCHXjvr2jxlc54ABUW4yA3+BWLn\nAvgkwHll3nv6oh1q2XGCJWsXHz0glUlLcCqvOtQhu7u4RzX0Q7P5ZrciTLIDz5Od\nqKhopeXw0QKBgDVEcmPISv5yeaA+5zagAIMWfwiQCpFSpZGtZBeFMFzcvk3VJWAV\ngxX/irujDPF/L5dy0dFOhEGOIoQWHzUeJkCFghYddX6Dk/EAYKlbX2/gNdI+Xwth\nahKrKDyWXWSdoAL4xtVgUt1saQUB+m3j6ROkXiN60nsL+LqLcpHmXhrzAoGBALSk\nxCxhd53ZHfra7VUIFHr8R7kjehjRhGxD+zGrUEOOyaoP76FQF4fabfFKkBdcpCqW\nf1DaL8GI/FtC2eXA7f2GXGyMbz/eoimWQcXTNF3mqNvJQA4XN5750tBab9CcZMll\n4VSNcNYGYn9MBjN6TObg5vPf6GtMvb+4moUDpiqBAoGAU8j9kAaWUA0dAi6iG43A\nwBlTHPJwRxBgfq/vCBxIYeFs0RsZblhbeHSTF8S6NDuvK+5t5Ll+x6tUd2H6DJg1\n0T4ekOsfzgGqHc4fZGpp7PhXLP+G31ZjnSkQDKgHo2np1JkMK/mKNyKXM6lHacZm\n3X2WsF2iS48861A7ukoz3M0=\n-----END PRIVATE KEY-----\n",
            "public_key_fingerprint_md5": "a3:7a:58:c1:ef:53:ca:99:10:ba:80:92:2d:a6:06:3d",
            "public_key_fingerprint_sha256": "SHA256:6DA1zulGhxGGySfR6fxlwnmtkVWXb2ufDYqh+sLZz58",
            "public_key_openssh": "ssh-rsa AAAAB3NzaC1yc2EAAAADAQABAAABAQDabVTeg0DNcxd5lLXSGWyM8A/8ZT5rDeVVqVrFjI5crxkX7UVR70h7fHYfNbOwkjryt0+SonLUo4H8A5i8xTFByNhvD9uz9e3C6Taqx8Er3DTg0wxaVfBnbsBPwHlgXrYIcWxHu5scaR3vj2VSF0+T+rc4yHVHMSsymEb71Jclohtb9LXAUkJ81DYDL1y4DUk+0kD+XHAQEgHhj0dGuq/fXLPjSskEu1Sefk3/aR1nZWGptNC0HWFHlQ+7TTukd9NjxkkOC+0SnZ3uATlSgWuXPvCV7RQ54I1tSEHaR+0i8M2Dbk44eCRDPinih2K130OioRUCdVXN+kaESFGhr8ej\n",
            "public_key_pem": "-----BEGIN PUBLIC KEY-----\nMIIBIjANBgkqhkiG9w0BAQEFAAOCAQ8AMIIBCgKCAQEA2m1U3oNAzXMXeZS10hls\njPAP/GU+aw3lValaxYyOXK8ZF+1FUe9Ie3x2HzWzsJI68rdPkqJy1KOB/AOYvMUx\nQcjYbw/bs/Xtwuk2qsfBK9w04NMMWlXwZ27AT8B5YF62CHFsR7ubHGkd749lUhdP\nk/q3OMh1RzErMphG+9SXJaIbW/S1wFJCfNQ2Ay9cuA1JPtJA/lxwEBIB4Y9HRrqv\n31yz40rJBLtUnn5N/2kdZ2VhqbTQtB1hR5UPu007pHfTY8ZJDgvtEp2d7gE5UoFr\nlz7wle0UOeCNbUhB2kftIvDNg25OOHgkQz4p4oditd9DoqEVAnVVzfpGhEhRoa/H\nowIDAQAB\n-----END PUBLIC KEY-----\n",
            "rsa_bits": 2048
          },
          "sensitive_attributes": [
            [
              {
                "type": "get_attr",
                "value": "private_key_openssh"
              }
            ],
            [
              {
                "type": "get_attr",
                "value": "private_key_pem"
              }
            ],
            [
              {
                "type": "get_attr",
                "value": "private_key_pem_pkcs8"
              }
            ]
          ],
          "identity_schema_version": 0
        }
      ]
    },
    {
      "module": "module.ec2",
      "mode": "managed",
      "type": "aws_instance",
      "name": "my-instance",
      "provider": "provider[\"registry.terraform.io/hashicorp/aws\"]",
      "instances": [
        {
          "schema_version": 1,
          "attributes": {
            "ami": "ami-0f918f7e67a3323f0",
            "arn": "arn:aws:ec2:ap-south-1:078288879957:instance/i-0b76d6bacacdb4d3d",
            "associate_public_ip_address": true,
            "availability_zone": "ap-south-1a",
            "capacity_reservation_specification": [
              {
                "capacity_reservation_preference": "open",
                "capacity_reservation_target": []
              }
            ],
            "cpu_core_count": 1,
            "cpu_options": [
              {
                "amd_sev_snp": "",
                "core_count": 1,
                "threads_per_core": 1
              }
            ],
            "cpu_threads_per_core": 1,
            "credit_specification": [
              {
                "cpu_credits": "standard"
              }
            ],
            "disable_api_stop": false,
            "disable_api_termination": false,
            "ebs_block_device": [],
            "ebs_optimized": false,
            "enable_primary_ipv6": null,
            "enclave_options": [
              {
                "enabled": false
              }
            ],
            "ephemeral_block_device": [],
            "get_password_data": false,
            "hibernation": false,
            "host_id": "",
            "host_resource_group_arn": null,
            "iam_instance_profile": "",
            "id": "i-0b76d6bacacdb4d3d",
            "instance_initiated_shutdown_behavior": "stop",
            "instance_lifecycle": "",
            "instance_market_options": [],
            "instance_state": "running",
            "instance_type": "t2.micro",
            "ipv6_address_count": 0,
            "ipv6_addresses": [],
            "key_name": "terraform-key",
            "launch_template": [],
            "maintenance_options": [
              {
                "auto_recovery": "default"
              }
            ],
            "metadata_options": [
              {
                "http_endpoint": "enabled",
                "http_protocol_ipv6": "disabled",
                "http_put_response_hop_limit": 2,
                "http_tokens": "required",
                "instance_metadata_tags": "disabled"
              }
            ],
            "monitoring": false,
            "network_interface": [],
            "outpost_arn": "",
            "password_data": "",
            "placement_group": "",
            "placement_partition_number": 0,
            "primary_network_interface_id": "eni-0e066847f24cbfabd",
            "private_dns": "ip-10-0-1-11.ap-south-1.compute.internal",
            "private_dns_name_options": [
              {
                "enable_resource_name_dns_a_record": false,
                "enable_resource_name_dns_aaaa_record": false,
                "hostname_type": "ip-name"
              }
            ],
            "private_ip": "10.0.1.11",
            "public_dns": "",
            "public_ip": "13.127.74.79",
            "root_block_device": [
              {
                "delete_on_termination": true,
                "device_name": "/dev/sda1",
                "encrypted": false,
                "iops": 3000,
                "kms_key_id": "",
                "tags": {},
                "tags_all": {},
                "throughput": 125,
                "volume_id": "vol-0da662a6fd48983f5",
                "volume_size": 8,
                "volume_type": "gp3"
              }
            ],
            "secondary_private_ips": [],
            "security_groups": [],
            "source_dest_check": true,
            "spot_instance_request_id": "",
            "subnet_id": "subnet-02154c350b8104d50",
            "tags": {
              "Name": "Demon-Server"
            },
            "tags_all": {
              "Name": "Demon-Server"
            },
            "tenancy": "default",
            "timeouts": null,
            "user_data": null,
            "user_data_base64": null,
            "user_data_replace_on_change": false,
            "volume_tags": null,
            "vpc_security_group_ids": [
              "sg-0aff7a6995ff836ff"
            ]
          },
          "sensitive_attributes": [],
          "identity_schema_version": 0,
          "private": "eyJlMmJmYjczMC1lY2FhLTExZTYtOGY4OC0zNDM2M2JjN2M0YzAiOnsiY3JlYXRlIjo2MDAwMDAwMDAwMDAsImRlbGV0ZSI6MTIwMDAwMDAwMDAwMCwicmVhZCI6OTAwMDAwMDAwMDAwLCJ1cGRhdGUiOjYwMDAwMDAwMDAwMH0sInNjaGVtYV92ZXJzaW9uIjoiMSJ9",
          "dependencies": [
            "aws_key_pair.generated_key",
            "module.vpc.aws_security_group.sg-1",
            "module.vpc.aws_subnet.public-subnet",
            "module.vpc.aws_vpc.myvpc",
            "tls_private_key.generated"
          ]
        }
      ]
    },
    {
      "module": "module.vpc",
      "mode": "managed",
      "type": "aws_internet_gateway",
      "name": "igw",
      "provider": "provider[\"registry.terraform.io/hashicorp/aws\"]",
      "instances": [
        {
          "schema_version": 0,
          "attributes": {
            "arn": "arn:aws:ec2:ap-south-1:078288879957:internet-gateway/igw-0e6d44c80a756fdaf",
            "id": "igw-0e6d44c80a756fdaf",
            "owner_id": "078288879957",
            "tags": {
              "Name": "my-igw"
            },
            "tags_all": {
              "Name": "my-igw"
            },
            "timeouts": null,
            "vpc_id": "vpc-01650296268b0b416"
          },
          "sensitive_attributes": [],
          "identity_schema_version": 0,
          "private": "eyJlMmJmYjczMC1lY2FhLTExZTYtOGY4OC0zNDM2M2JjN2M0YzAiOnsiY3JlYXRlIjoxMjAwMDAwMDAwMDAwLCJkZWxldGUiOjEyMDAwMDAwMDAwMDAsInVwZGF0ZSI6MTIwMDAwMDAwMDAwMH19",
          "dependencies": [
            "module.vpc.aws_vpc.myvpc"
          ]
        }
      ]
    },
    {
      "module": "module.vpc",
      "mode": "managed",
      "type": "aws_route_table",
      "name": "rt",
      "provider": "provider[\"registry.terraform.io/hashicorp/aws\"]",
      "instances": [
        {
          "schema_version": 0,
          "attributes": {
            "arn": "arn:aws:ec2:ap-south-1:078288879957:route-table/rtb-026ae8a157fde87f7",
            "id": "rtb-026ae8a157fde87f7",
            "owner_id": "078288879957",
            "propagating_vgws": [],
            "route": [
              {
                "carrier_gateway_id": "",
                "cidr_block": "0.0.0.0/0",
                "core_network_arn": "",
                "destination_prefix_list_id": "",
                "egress_only_gateway_id": "",
                "gateway_id": "igw-0e6d44c80a756fdaf",
                "ipv6_cidr_block": "",
                "local_gateway_id": "",
                "nat_gateway_id": "",
                "network_interface_id": "",
                "transit_gateway_id": "",
                "vpc_endpoint_id": "",
                "vpc_peering_connection_id": ""
              }
            ],
            "tags": null,
            "tags_all": {},
            "timeouts": null,
            "vpc_id": "vpc-01650296268b0b416"
          },
          "sensitive_attributes": [],
          "identity_schema_version": 0,
          "private": "eyJlMmJmYjczMC1lY2FhLTExZTYtOGY4OC0zNDM2M2JjN2M0YzAiOnsiY3JlYXRlIjozMDAwMDAwMDAwMDAsImRlbGV0ZSI6MzAwMDAwMDAwMDAwLCJ1cGRhdGUiOjEyMDAwMDAwMDAwMH19",
          "dependencies": [
            "module.vpc.aws_internet_gateway.igw",
            "module.vpc.aws_vpc.myvpc"
          ]
        }
      ]
    },
    {
      "module": "module.vpc",
      "mode": "managed",
      "type": "aws_route_table_association",
      "name": "rt-associa",
      "provider": "provider[\"registry.terraform.io/hashicorp/aws\"]",
      "instances": [
        {
          "schema_version": 0,
          "attributes": {
            "gateway_id": "",
            "id": "rtbassoc-0d27df214bfa2fc79",
            "route_table_id": "rtb-026ae8a157fde87f7",
            "subnet_id": "subnet-02154c350b8104d50",
            "timeouts": null
          },
          "sensitive_attributes": [],
          "identity_schema_version": 0,
          "private": "eyJlMmJmYjczMC1lY2FhLTExZTYtOGY4OC0zNDM2M2JjN2M0YzAiOnsiY3JlYXRlIjozMDAwMDAwMDAwMDAsImRlbGV0ZSI6MzAwMDAwMDAwMDAwLCJ1cGRhdGUiOjEyMDAwMDAwMDAwMH19",
          "dependencies": [
            "module.vpc.aws_internet_gateway.igw",
            "module.vpc.aws_route_table.rt",
            "module.vpc.aws_subnet.public-subnet",
            "module.vpc.aws_vpc.myvpc"
          ]
        }
      ]
    },
    {
      "module": "module.vpc",
      "mode": "managed",
      "type": "aws_security_group",
      "name": "sg-1",
      "provider": "provider[\"registry.terraform.io/hashicorp/aws\"]",
      "instances": [
        {
          "schema_version": 1,
          "attributes": {
            "arn": "arn:aws:ec2:ap-south-1:078288879957:security-group/sg-0aff7a6995ff836ff",
            "description": "Allow TLS inbound traffic and all outbound traffic",
            "egress": [
              {
                "cidr_blocks": [
                  "0.0.0.0/0"
                ],
                "description": "",
                "from_port": 0,
                "ipv6_cidr_blocks": [],
                "prefix_list_ids": [],
                "protocol": "-1",
                "security_groups": [],
                "self": false,
                "to_port": 0
              }
            ],
            "id": "sg-0aff7a6995ff836ff",
            "ingress": [
              {
                "cidr_blocks": [
                  "0.0.0.0/0"
                ],
                "description": "HTTP from VPC",
                "from_port": 8080,
                "ipv6_cidr_blocks": [],
                "prefix_list_ids": [],
                "protocol": "tcp",
                "security_groups": [],
                "self": false,
                "to_port": 8080
              },
              {
                "cidr_blocks": [
                  "0.0.0.0/0"
                ],
                "description": "HTTP from VPC",
                "from_port": 80,
                "ipv6_cidr_blocks": [],
                "prefix_list_ids": [],
                "protocol": "tcp",
                "security_groups": [],
                "self": false,
                "to_port": 80
              },
              {
                "cidr_blocks": [
                  "0.0.0.0/0"
                ],
                "description": "SSH",
                "from_port": 22,
                "ipv6_cidr_blocks": [],
                "prefix_list_ids": [],
                "protocol": "tcp",
                "security_groups": [],
                "self": false,
                "to_port": 22
              }
            ],
            "name": "mys-sg",
            "name_prefix": "",
            "owner_id": "078288879957",
            "revoke_rules_on_delete": false,
            "tags": {
              "Name": "my-secure-g"
            },
            "tags_all": {
              "Name": "my-secure-g"
            },
            "timeouts": null,
            "vpc_id": "vpc-01650296268b0b416"
          },
          "sensitive_attributes": [],
          "identity_schema_version": 0,
          "private": "eyJlMmJmYjczMC1lY2FhLTExZTYtOGY4OC0zNDM2M2JjN2M0YzAiOnsiY3JlYXRlIjo2MDAwMDAwMDAwMDAsImRlbGV0ZSI6OTAwMDAwMDAwMDAwfSwic2NoZW1hX3ZlcnNpb24iOiIxIn0=",
          "dependencies": [
            "module.vpc.aws_vpc.myvpc"
          ]
        }
      ]
    },
    {
      "module": "module.vpc",
      "mode": "managed",
      "type": "aws_subnet",
      "name": "public-subnet",
      "provider": "provider[\"registry.terraform.io/hashicorp/aws\"]",
      "instances": [
        {
          "schema_version": 1,
          "attributes": {
            "arn": "arn:aws:ec2:ap-south-1:078288879957:subnet/subnet-02154c350b8104d50",
            "assign_ipv6_address_on_creation": false,
            "availability_zone": "ap-south-1a",
            "availability_zone_id": "aps1-az1",
            "cidr_block": "10.0.1.0/24",
            "customer_owned_ipv4_pool": "",
            "enable_dns64": false,
            "enable_lni_at_device_index": 0,
            "enable_resource_name_dns_a_record_on_launch": false,
            "enable_resource_name_dns_aaaa_record_on_launch": false,
            "id": "subnet-02154c350b8104d50",
            "ipv6_cidr_block": "",
            "ipv6_cidr_block_association_id": "",
            "ipv6_native": false,
            "map_customer_owned_ip_on_launch": false,
            "map_public_ip_on_launch": false,
            "outpost_arn": "",
            "owner_id": "078288879957",
            "private_dns_hostname_type_on_launch": "ip-name",
            "tags": {
              "name": "public-subnet"
            },
            "tags_all": {
              "name": "public-subnet"
            },
            "timeouts": null,
            "vpc_id": "vpc-01650296268b0b416"
          },
          "sensitive_attributes": [],
          "identity_schema_version": 0,
          "private": "eyJlMmJmYjczMC1lY2FhLTExZTYtOGY4OC0zNDM2M2JjN2M0YzAiOnsiY3JlYXRlIjo2MDAwMDAwMDAwMDAsImRlbGV0ZSI6MTIwMDAwMDAwMDAwMH0sInNjaGVtYV92ZXJzaW9uIjoiMSJ9",
          "dependencies": [
            "module.vpc.aws_vpc.myvpc"
          ]
        }
      ]
    },
    {
      "module": "module.vpc",
      "mode": "managed",
      "type": "aws_vpc",
      "name": "myvpc",
      "provider": "provider[\"registry.terraform.io/hashicorp/aws\"]",
      "instances": [
        {
          "schema_version": 1,
          "attributes": {
            "arn": "arn:aws:ec2:ap-south-1:078288879957:vpc/vpc-01650296268b0b416",
            "assign_generated_ipv6_cidr_block": false,
            "cidr_block": "10.0.0.0/16",
            "default_network_acl_id": "acl-093c61dd23a5c1011",
            "default_route_table_id": "rtb-0f6217ed2c2c7b7eb",
            "default_security_group_id": "sg-04f8fdd2d77308822",
            "dhcp_options_id": "dopt-06d2ccd6e8d4afabf",
            "enable_dns_hostnames": false,
            "enable_dns_support": true,
            "enable_network_address_usage_metrics": false,
            "id": "vpc-01650296268b0b416",
            "instance_tenancy": "default",
            "ipv4_ipam_pool_id": null,
            "ipv4_netmask_length": null,
            "ipv6_association_id": "",
            "ipv6_cidr_block": "",
            "ipv6_cidr_block_network_border_group": "",
            "ipv6_ipam_pool_id": "",
            "ipv6_netmask_length": 0,
            "main_route_table_id": "rtb-0f6217ed2c2c7b7eb",
            "owner_id": "078288879957",
            "tags": {
              "Name": "my-vpc"
            },
            "tags_all": {
              "Name": "my-vpc"
            }
          },
          "sensitive_attributes": [],
          "identity_schema_version": 0,
          "private": "eyJzY2hlbWFfdmVyc2lvbiI6IjEifQ=="
        }
      ]
    }
  ],
  "check_results": null
}
